// !$*UTF8*$!
{
	archiveVersion = 1;
	classes = {
	};
	objectVersion = 46;
	objects = {

/* Begin PBXBuildFile section */
		28C238581B662F7E0003B068 /* main.m in Sources */ = {isa = PBXBuildFile; fileRef = 28C238571B662F7E0003B068 /* main.m */; };
		28C2385B1B662F7E0003B068 /* AppDelegate.m in Sources */ = {isa = PBXBuildFile; fileRef = 28C2385A1B662F7E0003B068 /* AppDelegate.m */; };
		28C2385E1B662F7E0003B068 /* ViewController.m in Sources */ = {isa = PBXBuildFile; fileRef = 28C2385D1B662F7E0003B068 /* ViewController.m */; };
		28C238611B662F7E0003B068 /* Main.storyboard in Resources */ = {isa = PBXBuildFile; fileRef = 28C2385F1B662F7E0003B068 /* Main.storyboard */; };
		28C238631B662F7E0003B068 /* Images.xcassets in Resources */ = {isa = PBXBuildFile; fileRef = 28C238621B662F7E0003B068 /* Images.xcassets */; };
		28C238661B662F7E0003B068 /* LaunchScreen.xib in Resources */ = {isa = PBXBuildFile; fileRef = 28C238641B662F7E0003B068 /* LaunchScreen.xib */; };
		28C238721B662F7E0003B068 /* FastImageCacheExmpleTests.m in Sources */ = {isa = PBXBuildFile; fileRef = 28C238711B662F7E0003B068 /* FastImageCacheExmpleTests.m */; };
		F54436B93D14C0AC255BB807 /* libPods-FastImageCacheExmple.a in Frameworks */ = {isa = PBXBuildFile; fileRef = BBC5E7950EAD67C8618B32EE /* libPods-FastImageCacheExmple.a */; };
/* End PBXBuildFile section */

/* Begin PBXContainerItemProxy section */
		28C2386C1B662F7E0003B068 /* PBXContainerItemProxy */ = {
			isa = PBXContainerItemProxy;
			containerPortal = 28C2384A1B662F790003B068 /* Project object */;
			proxyType = 1;
			remoteGlobalIDString = 28C238511B662F7E0003B068;
			remoteInfo = FastImageCacheExmple;
		};
/* End PBXContainerItemProxy section */

/* Begin PBXFileReference section */
		28C238521B662F7E0003B068 /* FastImageCacheExmple.app */ = {isa = PBXFileReference; explicitFileType = wrapper.application; includeInIndex = 0; path = FastImageCacheExmple.app; sourceTree = BUILT_PRODUCTS_DIR; };
		28C238561B662F7E0003B068 /* Info.plist */ = {isa = PBXFileReference; lastKnownFileType = text.plist.xml; path = Info.plist; sourceTree = "<group>"; };
		28C238571B662F7E0003B068 /* main.m */ = {isa = PBXFileReference; lastKnownFileType = sourcecode.c.objc; path = main.m; sourceTree = "<group>"; };
		28C238591B662F7E0003B068 /* AppDelegate.h */ = {isa = PBXFileReference; lastKnownFileType = sourcecode.c.h; path = AppDelegate.h; sourceTree = "<group>"; };
		28C2385A1B662F7E0003B068 /* AppDelegate.m */ = {isa = PBXFileReference; lastKnownFileType = sourcecode.c.objc; path = AppDelegate.m; sourceTree = "<group>"; };
		28C2385C1B662F7E0003B068 /* ViewController.h */ = {isa = PBXFileReference; lastKnownFileType = sourcecode.c.h; path = ViewController.h; sourceTree = "<group>"; };
		28C2385D1B662F7E0003B068 /* ViewController.m */ = {isa = PBXFileReference; lastKnownFileType = sourcecode.c.objc; path = ViewController.m; sourceTree = "<group>"; };
		28C238601B662F7E0003B068 /* Base */ = {isa = PBXFileReference; lastKnownFileType = file.storyboard; name = Base; path = Base.lproj/Main.storyboard; sourceTree = "<group>"; };
		28C238621B662F7E0003B068 /* Images.xcassets */ = {isa = PBXFileReference; lastKnownFileType = folder.assetcatalog; path = Images.xcassets; sourceTree = "<group>"; };
		28C238651B662F7E0003B068 /* Base */ = {isa = PBXFileReference; lastKnownFileType = file.xib; name = Base; path = Base.lproj/LaunchScreen.xib; sourceTree = "<group>"; };
		28C2386B1B662F7E0003B068 /* FastImageCacheExmpleTests.xctest */ = {isa = PBXFileReference; explicitFileType = wrapper.cfbundle; includeInIndex = 0; path = FastImageCacheExmpleTests.xctest; sourceTree = BUILT_PRODUCTS_DIR; };
		28C238701B662F7E0003B068 /* Info.plist */ = {isa = PBXFileReference; lastKnownFileType = text.plist.xml; path = Info.plist; sourceTree = "<group>"; };
		28C238711B662F7E0003B068 /* FastImageCacheExmpleTests.m */ = {isa = PBXFileReference; lastKnownFileType = sourcecode.c.objc; path = FastImageCacheExmpleTests.m; sourceTree = "<group>"; };
		78153C49F3FC4FB64D716A19 /* Pods-FastImageCacheExmple.release.xcconfig */ = {isa = PBXFileReference; includeInIndex = 1; lastKnownFileType = text.xcconfig; name = "Pods-FastImageCacheExmple.release.xcconfig"; path = "Pods/Target Support Files/Pods-FastImageCacheExmple/Pods-FastImageCacheExmple.release.xcconfig"; sourceTree = "<group>"; };
		BBC5E7950EAD67C8618B32EE /* libPods-FastImageCacheExmple.a */ = {isa = PBXFileReference; explicitFileType = archive.ar; includeInIndex = 0; path = "libPods-FastImageCacheExmple.a"; sourceTree = BUILT_PRODUCTS_DIR; };
		BDDD3FEDF6121AF5F8065100 /* Pods-FastImageCacheExmple.debug.xcconfig */ = {isa = PBXFileReference; includeInIndex = 1; lastKnownFileType = text.xcconfig; name = "Pods-FastImageCacheExmple.debug.xcconfig"; path = "Pods/Target Support Files/Pods-FastImageCacheExmple/Pods-FastImageCacheExmple.debug.xcconfig"; sourceTree = "<group>"; };
/* End PBXFileReference section */

/* Begin PBXFrameworksBuildPhase section */
		28C2384F1B662F7E0003B068 /* Frameworks */ = {
			isa = PBXFrameworksBuildPhase;
			buildActionMask = 2147483647;
			files = (
				F54436B93D14C0AC255BB807 /* libPods-FastImageCacheExmple.a in Frameworks */,
			);
			runOnlyForDeploymentPostprocessing = 0;
		};
		28C238681B662F7E0003B068 /* Frameworks */ = {
			isa = PBXFrameworksBuildPhase;
			buildActionMask = 2147483647;
			files = (
			);
			runOnlyForDeploymentPostprocessing = 0;
		};
/* End PBXFrameworksBuildPhase section */

/* Begin PBXGroup section */
		28C238491B662F790003B068 = {
			isa = PBXGroup;
			children = (
				28C238541B662F7E0003B068 /* FastImageCacheExmple */,
				28C2386E1B662F7E0003B068 /* FastImageCacheExmpleTests */,
				28C238531B662F7E0003B068 /* Products */,
				7EE7458DFA2C5A01C473812B /* Pods */,
				CAF40E189DACC29E71AE13BF /* Frameworks */,
			);
			sourceTree = "<group>";
		};
		28C238531B662F7E0003B068 /* Products */ = {
			isa = PBXGroup;
			children = (
				28C238521B662F7E0003B068 /* FastImageCacheExmple.app */,
				28C2386B1B662F7E0003B068 /* FastImageCacheExmpleTests.xctest */,
			);
			name = Products;
			sourceTree = "<group>";
		};
		28C238541B662F7E0003B068 /* FastImageCacheExmple */ = {
			isa = PBXGroup;
			children = (
				28C238591B662F7E0003B068 /* AppDelegate.h */,
				28C2385A1B662F7E0003B068 /* AppDelegate.m */,
				28C2385C1B662F7E0003B068 /* ViewController.h */,
				28C2385D1B662F7E0003B068 /* ViewController.m */,
				28C2385F1B662F7E0003B068 /* Main.storyboard */,
				28C238621B662F7E0003B068 /* Images.xcassets */,
				28C238641B662F7E0003B068 /* LaunchScreen.xib */,
				28C238551B662F7E0003B068 /* Supporting Files */,
			);
			path = FastImageCacheExmple;
			sourceTree = "<group>";
		};
		28C238551B662F7E0003B068 /* Supporting Files */ = {
			isa = PBXGroup;
			children = (
				28C238561B662F7E0003B068 /* Info.plist */,
				28C238571B662F7E0003B068 /* main.m */,
			);
			name = "Supporting Files";
			sourceTree = "<group>";
		};
		28C2386E1B662F7E0003B068 /* FastImageCacheExmpleTests */ = {
			isa = PBXGroup;
			children = (
				28C238711B662F7E0003B068 /* FastImageCacheExmpleTests.m */,
				28C2386F1B662F7E0003B068 /* Supporting Files */,
			);
			path = FastImageCacheExmpleTests;
			sourceTree = "<group>";
		};
		28C2386F1B662F7E0003B068 /* Supporting Files */ = {
			isa = PBXGroup;
			children = (
				28C238701B662F7E0003B068 /* Info.plist */,
			);
			name = "Supporting Files";
			sourceTree = "<group>";
		};
		7EE7458DFA2C5A01C473812B /* Pods */ = {
			isa = PBXGroup;
			children = (
				BDDD3FEDF6121AF5F8065100 /* Pods-FastImageCacheExmple.debug.xcconfig */,
				78153C49F3FC4FB64D716A19 /* Pods-FastImageCacheExmple.release.xcconfig */,
			);
			name = Pods;
			sourceTree = "<group>";
		};
		CAF40E189DACC29E71AE13BF /* Frameworks */ = {
			isa = PBXGroup;
			children = (
				BBC5E7950EAD67C8618B32EE /* libPods-FastImageCacheExmple.a */,
			);
			name = Frameworks;
			sourceTree = "<group>";
		};
/* End PBXGroup section */

/* Begin PBXNativeTarget section */
		28C238511B662F7E0003B068 /* FastImageCacheExmple */ = {
			isa = PBXNativeTarget;
			buildConfigurationList = 28C238751B662F7E0003B068 /* Build configuration list for PBXNativeTarget "FastImageCacheExmple" */;
			buildPhases = (
				90045A2B3D4CB879E8A714BA /* Check Pods Manifest.lock */,
				28C2384E1B662F7E0003B068 /* Sources */,
				28C2384F1B662F7E0003B068 /* Frameworks */,
				28C238501B662F7E0003B068 /* Resources */,
				B024B188CF95697DA5D3F882 /* Copy Pods Resources */,
			);
			buildRules = (
			);
			dependencies = (
			);
			name = FastImageCacheExmple;
			productName = FastImageCacheExmple;
			productReference = 28C238521B662F7E0003B068 /* FastImageCacheExmple.app */;
			productType = "com.apple.product-type.application";
		};
		28C2386A1B662F7E0003B068 /* FastImageCacheExmpleTests */ = {
			isa = PBXNativeTarget;
			buildConfigurationList = 28C238781B662F7E0003B068 /* Build configuration list for PBXNativeTarget "FastImageCacheExmpleTests" */;
			buildPhases = (
				28C238671B662F7E0003B068 /* Sources */,
				28C238681B662F7E0003B068 /* Frameworks */,
				28C238691B662F7E0003B068 /* Resources */,
			);
			buildRules = (
			);
			dependencies = (
				28C2386D1B662F7E0003B068 /* PBXTargetDependency */,
			);
			name = FastImageCacheExmpleTests;
			productName = FastImageCacheExmpleTests;
			productReference = 28C2386B1B662F7E0003B068 /* FastImageCacheExmpleTests.xctest */;
			productType = "com.apple.product-type.bundle.unit-test";
		};
/* End PBXNativeTarget section */

/* Begin PBXProject section */
		28C2384A1B662F790003B068 /* Project object */ = {
			isa = PBXProject;
			attributes = {
				LastUpgradeCheck = 0630;
				ORGANIZATIONNAME = GS1;
				TargetAttributes = {
					28C238511B662F7E0003B068 = {
						CreatedOnToolsVersion = 6.3;
					};
					28C2386A1B662F7E0003B068 = {
						CreatedOnToolsVersion = 6.3;
						TestTargetID = 28C238511B662F7E0003B068;
					};
				};
			};
			buildConfigurationList = 28C2384D1B662F790003B068 /* Build configuration list for PBXProject "FastImageCacheExmple" */;
			compatibilityVersion = "Xcode 3.2";
			developmentRegion = English;
			hasScannedForEncodings = 0;
			knownRegions = (
				en,
				Base,
			);
			mainGroup = 28C238491B662F790003B068;
			productRefGroup = 28C238531B662F7E0003B068 /* Products */;
			projectDirPath = "";
			projectRoot = "";
			targets = (
				28C238511B662F7E0003B068 /* FastImageCacheExmple */,
				28C2386A1B662F7E0003B068 /* FastImageCacheExmpleTests */,
			);
		};
/* End PBXProject section */

/* Begin PBXResourcesBuildPhase section */
		28C238501B662F7E0003B068 /* Resources */ = {
			isa = PBXResourcesBuildPhase;
			buildActionMask = 2147483647;
			files = (
				28C238611B662F7E0003B068 /* Main.storyboard in Resources */,
				28C238661B662F7E0003B068 /* LaunchScreen.xib in Resources */,
				28C238631B662F7E0003B068 /* Images.xcassets in Resources */,
			);
			runOnlyForDeploymentPostprocessing = 0;
		};
		28C238691B662F7E0003B068 /* Resources */ = {
			isa = PBXResourcesBuildPhase;
			buildActionMask = 2147483647;
			files = (
			);
			runOnlyForDeploymentPostprocessing = 0;
		};
/* End PBXResourcesBuildPhase section */

/* Begin PBXShellScriptBuildPhase section */
		90045A2B3D4CB879E8A714BA /* Check Pods Manifest.lock */ = {
			isa = PBXShellScriptBuildPhase;
			buildActionMask = 2147483647;
			files = (
			);
			inputPaths = (
			);
			name = "Check Pods Manifest.lock";
			outputPaths = (
			);
			runOnlyForDeploymentPostprocessing = 0;
			shellPath = /bin/sh;
			shellScript = "diff \"${PODS_ROOT}/../Podfile.lock\" \"${PODS_ROOT}/Manifest.lock\" > /dev/null\nif [[ $? != 0 ]] ; then\n    cat << EOM\nerror: The sandbox is not in sync with the Podfile.lock. Run 'pod install' or update your CocoaPods installation.\nEOM\n    exit 1\nfi\n";
			showEnvVarsInLog = 0;
		};
		B024B188CF95697DA5D3F882 /* Copy Pods Resources */ = {
			isa = PBXShellScriptBuildPhase;
			buildActionMask = 2147483647;
			files = (
			);
			inputPaths = (
			);
			name = "Copy Pods Resources";
			outputPaths = (
			);
			runOnlyForDeploymentPostprocessing = 0;
			shellPath = /bin/sh;
			shellScript = "\"${SRCROOT}/Pods/Target Support Files/Pods-FastImageCacheExmple/Pods-FastImageCacheExmple-resources.sh\"\n";
			showEnvVarsInLog = 0;
		};
/* End PBXShellScriptBuildPhase section */

/* Begin PBXSourcesBuildPhase section */
		28C2384E1B662F7E0003B068 /* Sources */ = {
			isa = PBXSourcesBuildPhase;
			buildActionMask = 2147483647;
			files = (
				28C2385E1B662F7E0003B068 /* ViewController.m in Sources */,
				28C2385B1B662F7E0003B068 /* AppDelegate.m in Sources */,
				28C238581B662F7E0003B068 /* main.m in Sources */,
			);
			runOnlyForDeploymentPostprocessing = 0;
		};
		28C238671B662F7E0003B068 /* Sources */ = {
			isa = PBXSourcesBuildPhase;
			buildActionMask = 2147483647;
			files = (
				28C238721B662F7E0003B068 /* FastImageCacheExmpleTests.m in Sources */,
			);
			runOnlyForDeploymentPostprocessing = 0;
		};
/* End PBXSourcesBuildPhase section */

/* Begin PBXTargetDependency section */
		28C2386D1B662F7E0003B068 /* PBXTargetDependency */ = {
			isa = PBXTargetDependency;
			target = 28C238511B662F7E0003B068 /* FastImageCacheExmple */;
			targetProxy = 28C2386C1B662F7E0003B068 /* PBXContainerItemProxy */;
		};
/* End PBXTargetDependency section */

/* Begin PBXVariantGroup section */
		28C2385F1B662F7E0003B068 /* Main.storyboard */ = {
			isa = PBXVariantGroup;
			children = (
				28C238601B662F7E0003B068 /* Base */,
			);
			name = Main.storyboard;
			sourceTree = "<group>";
		};
		28C238641B662F7E0003B068 /* LaunchScreen.xib */ = {
			isa = PBXVariantGroup;
			children = (
				28C238651B662F7E0003B068 /* Base */,
			);
			name = LaunchScreen.xib;
			sourceTree = "<group>";
		};
/* End PBXVariantGroup section */

/* Begin XCBuildConfiguration section */
		28C238731B662F7E0003B068 /* Debug */ = {
			isa = XCBuildConfiguration;
			buildSettings = {
				ALWAYS_SEARCH_USER_PATHS = NO;
				CLANG_CXX_LANGUAGE_STANDARD = "gnu++0x";
				CLANG_CXX_LIBRARY = "libc++";
				CLANG_ENABLE_MODULES = YES;
				CLANG_ENABLE_OBJC_ARC = YES;
				CLANG_WARN_BOOL_CONVERSION = YES;
				CLANG_WARN_CONSTANT_CONVERSION = YES;
				CLANG_WARN_DIRECT_OBJC_ISA_USAGE = YES_ERROR;
				CLANG_WARN_EMPTY_BODY = YES;
				CLANG_WARN_ENUM_CONVERSION = YES;
				CLANG_WARN_INT_CONVERSION = YES;
				CLANG_WARN_OBJC_ROOT_CLASS = YES_ERROR;
				CLANG_WARN_UNREACHABLE_CODE = YES;
				CLANG_WARN__DUPLICATE_METHOD_MATCH = YES;
				"CODE_SIGN_IDENTITY[sdk=iphoneos*]" = "iPhone Developer";
				COPY_PHASE_STRIP = NO;
				DEBUG_INFORMATION_FORMAT = "dwarf-with-dsym";
				ENABLE_STRICT_OBJC_MSGSEND = YES;
				GCC_C_LANGUAGE_STANDARD = gnu99;
				GCC_DYNAMIC_NO_PIC = NO;
				GCC_NO_COMMON_BLOCKS = YES;
				GCC_OPTIMIZATION_LEVEL = 0;
				GCC_PREPROCESSOR_DEFINITIONS = (
					"DEBUG=1",
					"$(inherited)",
				);
				GCC_SYMBOLS_PRIVATE_EXTERN = NO;
				GCC_WARN_64_TO_32_BIT_CONVERSION = YES;
				GCC_WARN_ABOUT_RETURN_TYPE = YES_ERROR;
				GCC_WARN_UNDECLARED_SELECTOR = YES;
				GCC_WARN_UNINITIALIZED_AUTOS = YES_AGGRESSIVE;
				GCC_WARN_UNUSED_FUNCTION = YES;
				GCC_WARN_UNUSED_VARIABLE = YES;
				IPHONEOS_DEPLOYMENT_TARGET = 8.3;
				MTL_ENABLE_DEBUG_INFO = YES;
				ONLY_ACTIVE_ARCH = YES;
				SDKROOT = iphoneos;
				TARGETED_DEVICE_FAMILY = "1,2";
			};
			name = Debug;
		};
		28C238741B662F7E0003B068 /* Release */ = {
			isa = XCBuildConfiguration;
			buildSettings = {
				ALWAYS_SEARCH_USER_PATHS = NO;
				CLANG_CXX_LANGUAGE_STANDARD = "gnu++0x";
				CLANG_CXX_LIBRARY = "libc++";
				CLANG_ENABLE_MODULES = YES;
				CLANG_ENABLE_OBJC_ARC = YES;
				CLANG_WARN_BOOL_CONVERSION = YES;
				CLANG_WARN_CONSTANT_CONVERSION = YES;
				CLANG_WARN_DIRECT_OBJC_ISA_USAGE = YES_ERROR;
				CLANG_WARN_EMPTY_BODY = YES;
				CLANG_WARN_ENUM_CONVERSION = YES;
				CLANG_WARN_INT_CONVERSION = YES;
				CLANG_WARN_OBJC_ROOT_CLASS = YES_ERROR;
				CLANG_WARN_UNREACHABLE_CODE = YES;
				CLANG_WARN__DUPLICATE_METHOD_MATCH = YES;
				"CODE_SIGN_IDENTITY[sdk=iphoneos*]" = "iPhone Developer";
				COPY_PHASE_STRIP = NO;
				DEBUG_INFORMATION_FORMAT = "dwarf-with-dsym";
				ENABLE_NS_ASSERTIONS = NO;
				ENABLE_STRICT_OBJC_MSGSEND = YES;
				GCC_C_LANGUAGE_STANDARD = gnu99;
				GCC_NO_COMMON_BLOCKS = YES;
				GCC_WARN_64_TO_32_BIT_CONVERSION = YES;
				GCC_WARN_ABOUT_RETURN_TYPE = YES_ERROR;
				GCC_WARN_UNDECLARED_SELECTOR = YES;
				GCC_WARN_UNINITIALIZED_AUTOS = YES_AGGRESSIVE;
				GCC_WARN_UNUSED_FUNCTION = YES;
				GCC_WARN_UNUSED_VARIABLE = YES;
				IPHONEOS_DEPLOYMENT_TARGET = 8.3;
				MTL_ENABLE_DEBUG_INFO = NO;
				SDKROOT = iphoneos;
				TARGETED_DEVICE_FAMILY = "1,2";
				VALIDATE_PRODUCT = YES;
			};
			name = Release;
		};
		28C238761B662F7E0003B068 /* Debug */ = {
			isa = XCBuildConfiguration;
			baseConfigurationReference = BDDD3FEDF6121AF5F8065100 /* Pods-FastImageCacheExmple.debug.xcconfig */;
			buildSettings = {
				ASSETCATALOG_COMPILER_APPICON_NAME = AppIcon;
				INFOPLIST_FILE = FastImageCacheExmple/Info.plist;
				LD_RUNPATH_SEARCH_PATHS = "$(inherited) @executable_path/Frameworks";
				PRODUCT_NAME = "$(TARGET_NAME)";
			};
			name = Debug;
		};
		28C238771B662F7E0003B068 /* Release */ = {
			isa = XCBuildConfiguration;
			baseConfigurationReference = 78153C49F3FC4FB64D716A19 /* Pods-FastImageCacheExmple.release.xcconfig */;
			buildSettings = {
				ASSETCATALOG_COMPILER_APPICON_NAME = AppIcon;
				INFOPLIST_FILE = FastImageCacheExmple/Info.plist;
				LD_RUNPATH_SEARCH_PATHS = "$(inherited) @executable_path/Frameworks";
				PRODUCT_NAME = "$(TARGET_NAME)";
			};
			name = Release;
		};
		28C238791B662F7E0003B068 /* Debug */ = {
			isa = XCBuildConfiguration;
			buildSettings = {
				BUNDLE_LOADER = "$(TEST_HOST)";
				FRAMEWORK_SEARCH_PATHS = (
					"$(SDKROOT)/Developer/Library/Frameworks",
					"$(inherited)",
				);
				GCC_PREPROCESSOR_DEFINITIONS = (
					"DEBUG=1",
					"$(inherited)",
				);
				INFOPLIST_FILE = FastImageCacheExmpleTests/Info.plist;
				LD_RUNPATH_SEARCH_PATHS = "$(inherited) @executable_path/Frameworks @loader_path/Frameworks";
				PRODUCT_NAME = "$(TARGET_NAME)";
				TEST_HOST = "$(BUILT_PRODUCTS_DIR)/FastImageCacheExmple.app/FastImageCacheExmple";
			};
			name = Debug;
		};
		28C2387A1B662F7E0003B068 /* Release */ = {
			isa = XCBuildConfiguration;
			buildSettings = {
				BUNDLE_LOADER = "$(TEST_HOST)";
				FRAMEWORK_SEARCH_PATHS = (
					"$(SDKROOT)/Developer/Library/Frameworks",
					"$(inherited)",
				);
				INFOPLIST_FILE = FastImageCacheExmpleTests/Info.plist;
				LD_RUNPATH_SEARCH_PATHS = "$(inherited) @executable_path/Frameworks @loader_path/Frameworks";
				PRODUCT_NAME = "$(TARGET_NAME)";
				TEST_HOST = "$(BUILT_PRODUCTS_DIR)/FastImageCacheExmple.app/FastImageCacheExmple";
			};
			name = Release;
		};
/* End XCBuildConfiguration section */

/* Begin XCConfigurationList section */
		28C2384D1B662F790003B068 /* Build configuration list for PBXProject "FastImageCacheExmple" */ = {
			isa = XCConfigurationList;
			buildConfigurations = (
				28C238731B662F7E0003B068 /* Debug */,
				28C238741B662F7E0003B068 /* Release */,
			);
			defaultConfigurationIsVisible = 0;
			defaultConfigurationName = Release;
		};
		28C238751B662F7E0003B068 /* Build configuration list for PBXNativeTarget "FastImageCacheExmple" */ = {
			isa = XCConfigurationList;
			buildConfigurations = (
				28C238761B662F7E0003B068 /* Debug */,
				28C238771B662F7E0003B068 /* Release */,
			);
			defaultConfigurationIsVisible = 0;
			defaultConfigurationName = Release;
		};
		28C238781B662F7E0003B068 /* Build configuration list for PBXNativeTarget "FastImageCacheExmpleTests" */ = {
			isa = XCConfigurationList;
			buildConfigurations = (
				28C238791B662F7E0003B068 /* Debug */,
				28C2387A1B662F7E0003B068 /* Release */,
			);
			defaultConfigurationIsVisible = 0;
			defaultConfigurationName = Release;
		};
/* End XCConfigurationList section */
	};
	rootObject = 28C2384A1B662F790003B068 /* Project object */;
}
